{
  "name": "lab1",
  "version": "1.0.0",
  "lockfileVersion": 2,
  "requires": true,
  "packages": {
    "": {
      "name": "lab1",
      "version": "1.0.0",
      "license": "ISC",
      "dependencies": {
        "ntp-time": "^2.0.1"
      }
    },
    "node_modules/ntp-time": {
      "version": "2.0.1",
      "resolved": "https://registry.npmjs.org/ntp-time/-/ntp-time-2.0.1.tgz",
      "integrity": "sha512-Ji+fhRHQFyExk7ClQOPPA/kI1kO3XeKA0SAPZt9fL+Z9YUdUHLKqGWhhjSxZOrTnTmwdHjQkhqB1ltG7hWsWAg=="
    }
  },
  "dependencies": {
    "ntp-time": {
      "version": "2.0.1",
      "resolved": "https://registry.npmjs.org/ntp-time/-/ntp-time-2.0.1.tgz",
      "integrity": "sha512-Ji+fhRHQFyExk7ClQOPPA/kI1kO3XeKA0SAPZt9fL+Z9YUdUHLKqGWhhjSxZOrTnTmwdHjQkhqB1ltG7hWsWAg=="
    }
  }
}
